
Microsoft Visual Studio Solution File, Format Version 12.00
# Visual Studio Version 16
VisualStudioVersion = 16.0.30611.23
MinimumVisualStudioVersion = 10.0.40219.1
Project("{FAE04EC0-301F-11D3-BF4B-00C04F79EFBC}") = "Практическая работа №11", "Практическая работа №11.csproj", "{B366F81E-42D5-4F46-9263-F6C6E609A86A}"
EndProject
Global
	GlobalSection(SolutionConfigurationPlatforms) = preSolution
		Debug|Any CPU = Debug|Any CPU
		Release|Any CPU = Release|Any CPU
	EndGlobalSection
	GlobalSection(ProjectConfigurationPlatforms) = postSolution
		{B366F81E-42D5-4F46-9263-F6C6E609A86A}.Debug|Any CPU.ActiveCfg = Debug|Any CPU
		{B366F81E-42D5-4F46-9263-F6C6E609A86A}.Debug|Any CPU.Build.0 = Debug|Any CPU
		{B366F81E-42D5-4F46-9263-F6C6E609A86A}.Release|Any CPU.ActiveCfg = Release|Any CPU
		{B366F81E-42D5-4F46-9263-F6C6E609A86A}.Release|Any CPU.Build.0 = Release|Any CPU
	EndGlobalSection
	GlobalSection(SolutionProperties) = preSolution
		HideSolutionNode = FALSE
	EndGlobalSection
	GlobalSection(ExtensibilityGlobals) = postSolution
		SolutionGuid = {CDADBC7B-C4FC-4BDF-9C15-CC10CBBD77E7}
	EndGlobalSection
EndGlobal
